
Microsoft Visual Studio Solution File, Format Version 12.00
# Visual Studio 14
VisualStudioVersion = 14.0.25123.0
MinimumVisualStudioVersion = 10.0.40219.1
Project("{2150E333-8FDC-42A3-9474-1A3956D46DE8}") = "5-WcfService", "5-WcfService", "{484C25B9-D64C-49C3-B243-C9D681A3A4A0}"
EndProject
Project("{2150E333-8FDC-42A3-9474-1A3956D46DE8}") = "2-Client", "2-Client", "{6C437392-7E25-4ABC-AD02-819E45A3B52D}"
EndProject
Project("{2150E333-8FDC-42A3-9474-1A3956D46DE8}") = "1-Server", "1-Server", "{9AB435A3-7740-4E1B-A2E8-6DDAA4728DF9}"
EndProject
Project("{2150E333-8FDC-42A3-9474-1A3956D46DE8}") = "3-BLL", "3-BLL", "{C0004B6C-D5DC-42C9-BCD9-ED850AB07DDB}"
EndProject
Project("{2150E333-8FDC-42A3-9474-1A3956D46DE8}") = "4-DAL", "4-DAL", "{03743448-E020-4652-BEB2-5844370AA0B9}"
EndProject
Project("{2150E333-8FDC-42A3-9474-1A3956D46DE8}") = "6-Android", "6-Android", "{4053AE84-84FF-4F31-A94B-DE5969C03BBF}"
EndProject
Project("{FAE04EC0-301F-11D3-BF4B-00C04F79EFBC}") = "BLL", "BLL\BLL.csproj", "{C8F0BF86-DA0F-4C06-97A4-1948FBD8F867}"
EndProject
Project("{FAE04EC0-301F-11D3-BF4B-00C04F79EFBC}") = "DAL", "DAL\DAL.csproj", "{B823A5BD-78B6-4ACE-8B3F-14A95E9DCA37}"
EndProject
Project("{FAE04EC0-301F-11D3-BF4B-00C04F79EFBC}") = "ServerAnaSayfa", "ServerAnaSayfa\ServerAnaSayfa.csproj", "{B7044E24-39E2-422B-8A5B-FD4823D189BB}"
EndProject
Project("{FAE04EC0-301F-11D3-BF4B-00C04F79EFBC}") = "ClientAnaSayfa", "ClientAnaSayfa\ClientAnaSayfa.csproj", "{78083903-6609-4600-ADE8-440271700897}"
EndProject
Project("{FAE04EC0-301F-11D3-BF4B-00C04F79EFBC}") = "WcfServiceLibrary", "WcfServiceLibrary\WcfServiceLibrary.csproj", "{A20E42B2-9293-4202-BBBB-BE0138773AC5}"
EndProject
Project("{FAE04EC0-301F-11D3-BF4B-00C04F79EFBC}") = "WcfHostService", "WcfHostService\WcfHostService.csproj", "{A8B01E39-D6C5-4062-9F43-CF96196D1395}"
EndProject
Project("{FAE04EC0-301F-11D3-BF4B-00C04F79EFBC}") = "Android", "Android\Android.csproj", "{DCEDD9EB-56D6-44A6-9093-61E2145B3FA8}"
EndProject
Global
	GlobalSection(SolutionConfigurationPlatforms) = preSolution
		Debug|Any CPU = Debug|Any CPU
		Release|Any CPU = Release|Any CPU
	EndGlobalSection
	GlobalSection(ProjectConfigurationPlatforms) = postSolution
		{C8F0BF86-DA0F-4C06-97A4-1948FBD8F867}.Debug|Any CPU.ActiveCfg = Debug|Any CPU
		{C8F0BF86-DA0F-4C06-97A4-1948FBD8F867}.Debug|Any CPU.Build.0 = Debug|Any CPU
		{C8F0BF86-DA0F-4C06-97A4-1948FBD8F867}.Release|Any CPU.ActiveCfg = Release|Any CPU
		{C8F0BF86-DA0F-4C06-97A4-1948FBD8F867}.Release|Any CPU.Build.0 = Release|Any CPU
		{B823A5BD-78B6-4ACE-8B3F-14A95E9DCA37}.Debug|Any CPU.ActiveCfg = Debug|Any CPU
		{B823A5BD-78B6-4ACE-8B3F-14A95E9DCA37}.Debug|Any CPU.Build.0 = Debug|Any CPU
		{B823A5BD-78B6-4ACE-8B3F-14A95E9DCA37}.Release|Any CPU.ActiveCfg = Release|Any CPU
		{B823A5BD-78B6-4ACE-8B3F-14A95E9DCA37}.Release|Any CPU.Build.0 = Release|Any CPU
		{B7044E24-39E2-422B-8A5B-FD4823D189BB}.Debug|Any CPU.ActiveCfg = Debug|Any CPU
		{B7044E24-39E2-422B-8A5B-FD4823D189BB}.Debug|Any CPU.Build.0 = Debug|Any CPU
		{B7044E24-39E2-422B-8A5B-FD4823D189BB}.Release|Any CPU.ActiveCfg = Release|Any CPU
		{B7044E24-39E2-422B-8A5B-FD4823D189BB}.Release|Any CPU.Build.0 = Release|Any CPU
		{78083903-6609-4600-ADE8-440271700897}.Debug|Any CPU.ActiveCfg = Debug|Any CPU
		{78083903-6609-4600-ADE8-440271700897}.Debug|Any CPU.Build.0 = Debug|Any CPU
		{78083903-6609-4600-ADE8-440271700897}.Release|Any CPU.ActiveCfg = Release|Any CPU
		{78083903-6609-4600-ADE8-440271700897}.Release|Any CPU.Build.0 = Release|Any CPU
		{A20E42B2-9293-4202-BBBB-BE0138773AC5}.Debug|Any CPU.ActiveCfg = Debug|Any CPU
		{A20E42B2-9293-4202-BBBB-BE0138773AC5}.Debug|Any CPU.Build.0 = Debug|Any CPU
		{A20E42B2-9293-4202-BBBB-BE0138773AC5}.Release|Any CPU.ActiveCfg = Release|Any CPU
		{A20E42B2-9293-4202-BBBB-BE0138773AC5}.Release|Any CPU.Build.0 = Release|Any CPU
		{A8B01E39-D6C5-4062-9F43-CF96196D1395}.Debug|Any CPU.ActiveCfg = Debug|Any CPU
		{A8B01E39-D6C5-4062-9F43-CF96196D1395}.Debug|Any CPU.Build.0 = Debug|Any CPU
		{A8B01E39-D6C5-4062-9F43-CF96196D1395}.Release|Any CPU.ActiveCfg = Release|Any CPU
		{A8B01E39-D6C5-4062-9F43-CF96196D1395}.Release|Any CPU.Build.0 = Release|Any CPU
		{DCEDD9EB-56D6-44A6-9093-61E2145B3FA8}.Debug|Any CPU.ActiveCfg = Debug|Any CPU
		{DCEDD9EB-56D6-44A6-9093-61E2145B3FA8}.Debug|Any CPU.Build.0 = Debug|Any CPU
		{DCEDD9EB-56D6-44A6-9093-61E2145B3FA8}.Release|Any CPU.ActiveCfg = Release|Any CPU
		{DCEDD9EB-56D6-44A6-9093-61E2145B3FA8}.Release|Any CPU.Build.0 = Release|Any CPU
	EndGlobalSection
	GlobalSection(SolutionProperties) = preSolution
		HideSolutionNode = FALSE
	EndGlobalSection
	GlobalSection(NestedProjects) = preSolution
		{C8F0BF86-DA0F-4C06-97A4-1948FBD8F867} = {C0004B6C-D5DC-42C9-BCD9-ED850AB07DDB}
		{B823A5BD-78B6-4ACE-8B3F-14A95E9DCA37} = {03743448-E020-4652-BEB2-5844370AA0B9}
		{B7044E24-39E2-422B-8A5B-FD4823D189BB} = {9AB435A3-7740-4E1B-A2E8-6DDAA4728DF9}
		{78083903-6609-4600-ADE8-440271700897} = {6C437392-7E25-4ABC-AD02-819E45A3B52D}
		{A20E42B2-9293-4202-BBBB-BE0138773AC5} = {484C25B9-D64C-49C3-B243-C9D681A3A4A0}
		{A8B01E39-D6C5-4062-9F43-CF96196D1395} = {484C25B9-D64C-49C3-B243-C9D681A3A4A0}
		{DCEDD9EB-56D6-44A6-9093-61E2145B3FA8} = {4053AE84-84FF-4F31-A94B-DE5969C03BBF}
	EndGlobalSection
EndGlobal
